{
  "name": "web-app",
  "version": "1.0.0",
  "lockfileVersion": 1,
  "requires": true,
  "dependencies": {
    "ez-components": {
      "version": "0.0.1",
      "resolved": "https://registry.npmjs.org/ez-components/-/ez-components-0.0.1.tgz",
      "integrity": "sha512-GYtQhUqNB+INn0q1obeOhrfdPAxo6l6E6csZfInPtInzhkGqI1SguwAtZen0tfkPa5o1QujJbQpyDR/9aexNZw=="
    }
  }
}
